
Microsoft Visual Studio Solution File, Format Version 12.00
# Visual Studio Version 17
VisualStudioVersion = 17.7.34031.279
MinimumVisualStudioVersion = 10.0.40219.1
Project("{FAE04EC0-301F-11D3-BF4B-00C04F79EFBC}") = "ControleDeContatos", "ControleDeContatos\ControleDeContatos.csproj", "{0B4D6653-6EBF-4A47-97CC-F07C81306DDB}"
EndProject
Global
	GlobalSection(SolutionConfigurationPlatforms) = preSolution
		Debug|Any CPU = Debug|Any CPU
		Release|Any CPU = Release|Any CPU
	EndGlobalSection
	GlobalSection(ProjectConfigurationPlatforms) = postSolution
		{0B4D6653-6EBF-4A47-97CC-F07C81306DDB}.Debug|Any CPU.ActiveCfg = Debug|Any CPU
		{0B4D6653-6EBF-4A47-97CC-F07C81306DDB}.Debug|Any CPU.Build.0 = Debug|Any CPU
		{0B4D6653-6EBF-4A47-97CC-F07C81306DDB}.Release|Any CPU.ActiveCfg = Release|Any CPU
		{0B4D6653-6EBF-4A47-97CC-F07C81306DDB}.Release|Any CPU.Build.0 = Release|Any CPU
	EndGlobalSection
	GlobalSection(SolutionProperties) = preSolution
		HideSolutionNode = FALSE
	EndGlobalSection
	GlobalSection(ExtensibilityGlobals) = postSolution
		SolutionGuid = {88E63E0D-7E1C-4B70-8FA3-20FBE5163A3A}
	EndGlobalSection
EndGlobal
